
Microsoft Visual Studio Solution File, Format Version 12.00
# Visual Studio 15
VisualStudioVersion = 15.0.28307.852
MinimumVisualStudioVersion = 10.0.40219.1
Project("{FAE04EC0-301F-11D3-BF4B-00C04F79EFBC}") = "ERPortal.WebUI", "ERPortal.WebUI\ERPortal.WebUI.csproj", "{0C102DB8-EFFD-4706-BBDE-60E3051E3D13}"
EndProject
Project("{FAE04EC0-301F-11D3-BF4B-00C04F79EFBC}") = "ERPortal.Core", "ERPortal.Core\ERPortal.Core.csproj", "{22603FC3-5EF6-4C9C-830A-5AA0BB423B77}"
EndProject
Project("{FAE04EC0-301F-11D3-BF4B-00C04F79EFBC}") = "ERPortal.DataAccess.InMemory", "ERPortal.DataAccess.InMemory\ERPortal.DataAccess.InMemory.csproj", "{6573FDC9-992D-4F41-86CA-BBF7A1CECD5B}"
EndProject
Project("{FAE04EC0-301F-11D3-BF4B-00C04F79EFBC}") = "ERPortal.DataAccess.SQL", "ERPortal.DataAccess.SQL\ERPortal.DataAccess.SQL.csproj", "{654FFBDC-43D8-45A2-A82C-27D9DF14E05F}"
EndProject
Project("{FAE04EC0-301F-11D3-BF4B-00C04F79EFBC}") = "ERPortal.Services", "ERPortal.Services\ERPortal.Services.csproj", "{75F8FE7F-C19F-4FB4-9E1E-E8210A85D450}"
EndProject
Global
	GlobalSection(SolutionConfigurationPlatforms) = preSolution
		Debug|Any CPU = Debug|Any CPU
		Release|Any CPU = Release|Any CPU
	EndGlobalSection
	GlobalSection(ProjectConfigurationPlatforms) = postSolution
		{0C102DB8-EFFD-4706-BBDE-60E3051E3D13}.Debug|Any CPU.ActiveCfg = Debug|Any CPU
		{0C102DB8-EFFD-4706-BBDE-60E3051E3D13}.Debug|Any CPU.Build.0 = Debug|Any CPU
		{0C102DB8-EFFD-4706-BBDE-60E3051E3D13}.Release|Any CPU.ActiveCfg = Release|Any CPU
		{0C102DB8-EFFD-4706-BBDE-60E3051E3D13}.Release|Any CPU.Build.0 = Release|Any CPU
		{22603FC3-5EF6-4C9C-830A-5AA0BB423B77}.Debug|Any CPU.ActiveCfg = Debug|Any CPU
		{22603FC3-5EF6-4C9C-830A-5AA0BB423B77}.Debug|Any CPU.Build.0 = Debug|Any CPU
		{22603FC3-5EF6-4C9C-830A-5AA0BB423B77}.Release|Any CPU.ActiveCfg = Release|Any CPU
		{22603FC3-5EF6-4C9C-830A-5AA0BB423B77}.Release|Any CPU.Build.0 = Release|Any CPU
		{6573FDC9-992D-4F41-86CA-BBF7A1CECD5B}.Debug|Any CPU.ActiveCfg = Debug|Any CPU
		{6573FDC9-992D-4F41-86CA-BBF7A1CECD5B}.Debug|Any CPU.Build.0 = Debug|Any CPU
		{6573FDC9-992D-4F41-86CA-BBF7A1CECD5B}.Release|Any CPU.ActiveCfg = Release|Any CPU
		{6573FDC9-992D-4F41-86CA-BBF7A1CECD5B}.Release|Any CPU.Build.0 = Release|Any CPU
		{654FFBDC-43D8-45A2-A82C-27D9DF14E05F}.Debug|Any CPU.ActiveCfg = Debug|Any CPU
		{654FFBDC-43D8-45A2-A82C-27D9DF14E05F}.Debug|Any CPU.Build.0 = Debug|Any CPU
		{654FFBDC-43D8-45A2-A82C-27D9DF14E05F}.Release|Any CPU.ActiveCfg = Release|Any CPU
		{654FFBDC-43D8-45A2-A82C-27D9DF14E05F}.Release|Any CPU.Build.0 = Release|Any CPU
		{75F8FE7F-C19F-4FB4-9E1E-E8210A85D450}.Debug|Any CPU.ActiveCfg = Debug|Any CPU
		{75F8FE7F-C19F-4FB4-9E1E-E8210A85D450}.Debug|Any CPU.Build.0 = Debug|Any CPU
		{75F8FE7F-C19F-4FB4-9E1E-E8210A85D450}.Release|Any CPU.ActiveCfg = Release|Any CPU
		{75F8FE7F-C19F-4FB4-9E1E-E8210A85D450}.Release|Any CPU.Build.0 = Release|Any CPU
	EndGlobalSection
	GlobalSection(SolutionProperties) = preSolution
		HideSolutionNode = FALSE
	EndGlobalSection
	GlobalSection(ExtensibilityGlobals) = postSolution
		SolutionGuid = {1A31A62B-5987-4BF0-BB36-04F3C5724A66}
	EndGlobalSection
EndGlobal
